// !$*UTF8*$!
{
	archiveVersion = 1;
	classes = {
	};
	objectVersion = 46;
	objects = {

/* Begin PBXBuildFile section */
		D504B6E118E4C46100F4C3FD /* Foundation.framework in Frameworks */ = {isa = PBXBuildFile; fileRef = D504B6E018E4C46100F4C3FD /* Foundation.framework */; };
		D504B6E318E4C46100F4C3FD /* CoreGraphics.framework in Frameworks */ = {isa = PBXBuildFile; fileRef = D504B6E218E4C46100F4C3FD /* CoreGraphics.framework */; };
		D504B6E518E4C46100F4C3FD /* UIKit.framework in Frameworks */ = {isa = PBXBuildFile; fileRef = D504B6E418E4C46100F4C3FD /* UIKit.framework */; };
		D504B6EB18E4C46100F4C3FD /* InfoPlist.strings in Resources */ = {isa = PBXBuildFile; fileRef = D504B6E918E4C46100F4C3FD /* InfoPlist.strings */; };
		D504B6ED18E4C46100F4C3FD /* main.m in Sources */ = {isa = PBXBuildFile; fileRef = D504B6EC18E4C46100F4C3FD /* main.m */; };
		D504B6F118E4C46100F4C3FD /* TwitterAppDelegate.m in Sources */ = {isa = PBXBuildFile; fileRef = D504B6F018E4C46100F4C3FD /* TwitterAppDelegate.m */; };
		D504B6F418E4C46100F4C3FD /* Main.storyboard in Resources */ = {isa = PBXBuildFile; fileRef = D504B6F218E4C46100F4C3FD /* Main.storyboard */; };
		D504B6F718E4C46100F4C3FD /* TwitterMasterViewController.m in Sources */ = {isa = PBXBuildFile; fileRef = D504B6F618E4C46100F4C3FD /* TwitterMasterViewController.m */; };
		D504B6FA18E4C46100F4C3FD /* TwitterLoginController.m in Sources */ = {isa = PBXBuildFile; fileRef = D504B6F918E4C46100F4C3FD /* TwitterLoginController.m */; };
		D504B6FC18E4C46100F4C3FD /* Images.xcassets in Resources */ = {isa = PBXBuildFile; fileRef = D504B6FB18E4C46100F4C3FD /* Images.xcassets */; };
		D504B70318E4C46100F4C3FD /* XCTest.framework in Frameworks */ = {isa = PBXBuildFile; fileRef = D504B70218E4C46100F4C3FD /* XCTest.framework */; };
		D504B70418E4C46100F4C3FD /* Foundation.framework in Frameworks */ = {isa = PBXBuildFile; fileRef = D504B6E018E4C46100F4C3FD /* Foundation.framework */; };
		D504B70518E4C46100F4C3FD /* UIKit.framework in Frameworks */ = {isa = PBXBuildFile; fileRef = D504B6E418E4C46100F4C3FD /* UIKit.framework */; };
		D504B70D18E4C46100F4C3FD /* InfoPlist.strings in Resources */ = {isa = PBXBuildFile; fileRef = D504B70B18E4C46100F4C3FD /* InfoPlist.strings */; };
		D504B70F18E4C46100F4C3FD /* TwitterTests.m in Sources */ = {isa = PBXBuildFile; fileRef = D504B70E18E4C46100F4C3FD /* TwitterTests.m */; };
		D504B71A18E4C8A800F4C3FD /* TwitterViewController.m in Sources */ = {isa = PBXBuildFile; fileRef = D504B71918E4C8A800F4C3FD /* TwitterViewController.m */; };
/* End PBXBuildFile section */

/* Begin PBXContainerItemProxy section */
		D504B70618E4C46100F4C3FD /* PBXContainerItemProxy */ = {
			isa = PBXContainerItemProxy;
			containerPortal = D504B6D518E4C46100F4C3FD /* Project object */;
			proxyType = 1;
			remoteGlobalIDString = D504B6DC18E4C46100F4C3FD;
			remoteInfo = Twitter;
		};
/* End PBXContainerItemProxy section */

/* Begin PBXFileReference section */
		D504B6DD18E4C46100F4C3FD /* Twitter.app */ = {isa = PBXFileReference; explicitFileType = wrapper.application; includeInIndex = 0; path = Twitter.app; sourceTree = BUILT_PRODUCTS_DIR; };
		D504B6E018E4C46100F4C3FD /* Foundation.framework */ = {isa = PBXFileReference; lastKnownFileType = wrapper.framework; name = Foundation.framework; path = System/Library/Frameworks/Foundation.framework; sourceTree = SDKROOT; };
		D504B6E218E4C46100F4C3FD /* CoreGraphics.framework */ = {isa = PBXFileReference; lastKnownFileType = wrapper.framework; name = CoreGraphics.framework; path = System/Library/Frameworks/CoreGraphics.framework; sourceTree = SDKROOT; };
		D504B6E418E4C46100F4C3FD /* UIKit.framework */ = {isa = PBXFileReference; lastKnownFileType = wrapper.framework; name = UIKit.framework; path = System/Library/Frameworks/UIKit.framework; sourceTree = SDKROOT; };
		D504B6E818E4C46100F4C3FD /* Twitter-Info.plist */ = {isa = PBXFileReference; lastKnownFileType = text.plist.xml; path = "Twitter-Info.plist"; sourceTree = "<group>"; };
		D504B6EA18E4C46100F4C3FD /* en */ = {isa = PBXFileReference; lastKnownFileType = text.plist.strings; name = en; path = en.lproj/InfoPlist.strings; sourceTree = "<group>"; };
		D504B6EC18E4C46100F4C3FD /* main.m */ = {isa = PBXFileReference; lastKnownFileType = sourcecode.c.objc; path = main.m; sourceTree = "<group>"; };
		D504B6EE18E4C46100F4C3FD /* Twitter-Prefix.pch */ = {isa = PBXFileReference; lastKnownFileType = sourcecode.c.h; path = "Twitter-Prefix.pch"; sourceTree = "<group>"; };
		D504B6EF18E4C46100F4C3FD /* TwitterAppDelegate.h */ = {isa = PBXFileReference; lastKnownFileType = sourcecode.c.h; path = TwitterAppDelegate.h; sourceTree = "<group>"; };
		D504B6F018E4C46100F4C3FD /* TwitterAppDelegate.m */ = {isa = PBXFileReference; lastKnownFileType = sourcecode.c.objc; path = TwitterAppDelegate.m; sourceTree = "<group>"; };
		D504B6F318E4C46100F4C3FD /* Base */ = {isa = PBXFileReference; lastKnownFileType = file.storyboard; name = Base; path = Base.lproj/Main.storyboard; sourceTree = "<group>"; };
		D504B6F518E4C46100F4C3FD /* TwitterMasterViewController.h */ = {isa = PBXFileReference; lastKnownFileType = sourcecode.c.h; path = TwitterMasterViewController.h; sourceTree = "<group>"; };
		D504B6F618E4C46100F4C3FD /* TwitterMasterViewController.m */ = {isa = PBXFileReference; lastKnownFileType = sourcecode.c.objc; path = TwitterMasterViewController.m; sourceTree = "<group>"; };
		D504B6F818E4C46100F4C3FD /* TwitterLoginController.h */ = {isa = PBXFileReference; lastKnownFileType = sourcecode.c.h; path = TwitterLoginController.h; sourceTree = "<group>"; };
		D504B6F918E4C46100F4C3FD /* TwitterLoginController.m */ = {isa = PBXFileReference; lastKnownFileType = sourcecode.c.objc; path = TwitterLoginController.m; sourceTree = "<group>"; };
		D504B6FB18E4C46100F4C3FD /* Images.xcassets */ = {isa = PBXFileReference; lastKnownFileType = folder.assetcatalog; path = Images.xcassets; sourceTree = "<group>"; };
		D504B70118E4C46100F4C3FD /* TwitterTests.xctest */ = {isa = PBXFileReference; explicitFileType = wrapper.cfbundle; includeInIndex = 0; path = TwitterTests.xctest; sourceTree = BUILT_PRODUCTS_DIR; };
		D504B70218E4C46100F4C3FD /* XCTest.framework */ = {isa = PBXFileReference; lastKnownFileType = wrapper.framework; name = XCTest.framework; path = Library/Frameworks/XCTest.framework; sourceTree = DEVELOPER_DIR; };
		D504B70A18E4C46100F4C3FD /* TwitterTests-Info.plist */ = {isa = PBXFileReference; lastKnownFileType = text.plist.xml; path = "TwitterTests-Info.plist"; sourceTree = "<group>"; };
		D504B70C18E4C46100F4C3FD /* en */ = {isa = PBXFileReference; lastKnownFileType = text.plist.strings; name = en; path = en.lproj/InfoPlist.strings; sourceTree = "<group>"; };
		D504B70E18E4C46100F4C3FD /* TwitterTests.m */ = {isa = PBXFileReference; lastKnownFileType = sourcecode.c.objc; path = TwitterTests.m; sourceTree = "<group>"; };
		D504B71818E4C8A800F4C3FD /* TwitterViewController.h */ = {isa = PBXFileReference; fileEncoding = 4; lastKnownFileType = sourcecode.c.h; path = TwitterViewController.h; sourceTree = "<group>"; };
		D504B71918E4C8A800F4C3FD /* TwitterViewController.m */ = {isa = PBXFileReference; fileEncoding = 4; lastKnownFileType = sourcecode.c.objc; path = TwitterViewController.m; sourceTree = "<group>"; };
/* End PBXFileReference section */

/* Begin PBXFrameworksBuildPhase section */
		D504B6DA18E4C46100F4C3FD /* Frameworks */ = {
			isa = PBXFrameworksBuildPhase;
			buildActionMask = 2147483647;
			files = (
				D504B6E318E4C46100F4C3FD /* CoreGraphics.framework in Frameworks */,
				D504B6E518E4C46100F4C3FD /* UIKit.framework in Frameworks */,
				D504B6E118E4C46100F4C3FD /* Foundation.framework in Frameworks */,
			);
			runOnlyForDeploymentPostprocessing = 0;
		};
		D504B6FE18E4C46100F4C3FD /* Frameworks */ = {
			isa = PBXFrameworksBuildPhase;
			buildActionMask = 2147483647;
			files = (
				D504B70318E4C46100F4C3FD /* XCTest.framework in Frameworks */,
				D504B70518E4C46100F4C3FD /* UIKit.framework in Frameworks */,
				D504B70418E4C46100F4C3FD /* Foundation.framework in Frameworks */,
			);
			runOnlyForDeploymentPostprocessing = 0;
		};
/* End PBXFrameworksBuildPhase section */

/* Begin PBXGroup section */
		D504B6D418E4C46100F4C3FD = {
			isa = PBXGroup;
			children = (
				D504B6E618E4C46100F4C3FD /* Twitter */,
				D504B70818E4C46100F4C3FD /* TwitterTests */,
				D504B6DF18E4C46100F4C3FD /* Frameworks */,
				D504B6DE18E4C46100F4C3FD /* Products */,
			);
			sourceTree = "<group>";
		};
		D504B6DE18E4C46100F4C3FD /* Products */ = {
			isa = PBXGroup;
			children = (
				D504B6DD18E4C46100F4C3FD /* Twitter.app */,
				D504B70118E4C46100F4C3FD /* TwitterTests.xctest */,
			);
			name = Products;
			sourceTree = "<group>";
		};
		D504B6DF18E4C46100F4C3FD /* Frameworks */ = {
			isa = PBXGroup;
			children = (
				D504B6E018E4C46100F4C3FD /* Foundation.framework */,
				D504B6E218E4C46100F4C3FD /* CoreGraphics.framework */,
				D504B6E418E4C46100F4C3FD /* UIKit.framework */,
				D504B70218E4C46100F4C3FD /* XCTest.framework */,
			);
			name = Frameworks;
			sourceTree = "<group>";
		};
		D504B6E618E4C46100F4C3FD /* Twitter */ = {
			isa = PBXGroup;
			children = (
				D504B6EF18E4C46100F4C3FD /* TwitterAppDelegate.h */,
				D504B6F018E4C46100F4C3FD /* TwitterAppDelegate.m */,
				D504B6F218E4C46100F4C3FD /* Main.storyboard */,
				D504B71818E4C8A800F4C3FD /* TwitterViewController.h */,
				D504B71918E4C8A800F4C3FD /* TwitterViewController.m */,
				D504B6F518E4C46100F4C3FD /* TwitterMasterViewController.h */,
				D504B6F618E4C46100F4C3FD /* TwitterMasterViewController.m */,
				D504B6F818E4C46100F4C3FD /* TwitterLoginController.h */,
				D504B6F918E4C46100F4C3FD /* TwitterLoginController.m */,
				D504B6FB18E4C46100F4C3FD /* Images.xcassets */,
				D504B6E718E4C46100F4C3FD /* Supporting Files */,
			);
			path = Twitter;
			sourceTree = "<group>";
		};
		D504B6E718E4C46100F4C3FD /* Supporting Files */ = {
			isa = PBXGroup;
			children = (
				D504B6E818E4C46100F4C3FD /* Twitter-Info.plist */,
				D504B6E918E4C46100F4C3FD /* InfoPlist.strings */,
				D504B6EC18E4C46100F4C3FD /* main.m */,
				D504B6EE18E4C46100F4C3FD /* Twitter-Prefix.pch */,
			);
			name = "Supporting Files";
			sourceTree = "<group>";
		};
		D504B70818E4C46100F4C3FD /* TwitterTests */ = {
			isa = PBXGroup;
			children = (
				D504B70E18E4C46100F4C3FD /* TwitterTests.m */,
				D504B70918E4C46100F4C3FD /* Supporting Files */,
			);
			path = TwitterTests;
			sourceTree = "<group>";
		};
		D504B70918E4C46100F4C3FD /* Supporting Files */ = {
			isa = PBXGroup;
			children = (
				D504B70A18E4C46100F4C3FD /* TwitterTests-Info.plist */,
				D504B70B18E4C46100F4C3FD /* InfoPlist.strings */,
			);
			name = "Supporting Files";
			sourceTree = "<group>";
		};
/* End PBXGroup section */

/* Begin PBXNativeTarget section */
		D504B6DC18E4C46100F4C3FD /* Twitter */ = {
			isa = PBXNativeTarget;
			buildConfigurationList = D504B71218E4C46100F4C3FD /* Build configuration list for PBXNativeTarget "Twitter" */;
			buildPhases = (
				D504B6D918E4C46100F4C3FD /* Sources */,
				D504B6DA18E4C46100F4C3FD /* Frameworks */,
				D504B6DB18E4C46100F4C3FD /* Resources */,
			);
			buildRules = (
			);
			dependencies = (
			);
			name = Twitter;
			productName = Twitter;
			productReference = D504B6DD18E4C46100F4C3FD /* Twitter.app */;
			productType = "com.apple.product-type.application";
		};
		D504B70018E4C46100F4C3FD /* TwitterTests */ = {
			isa = PBXNativeTarget;
			buildConfigurationList = D504B71518E4C46100F4C3FD /* Build configuration list for PBXNativeTarget "TwitterTests" */;
			buildPhases = (
				D504B6FD18E4C46100F4C3FD /* Sources */,
				D504B6FE18E4C46100F4C3FD /* Frameworks */,
				D504B6FF18E4C46100F4C3FD /* Resources */,
			);
			buildRules = (
			);
			dependencies = (
				D504B70718E4C46100F4C3FD /* PBXTargetDependency */,
			);
			name = TwitterTests;
			productName = TwitterTests;
			productReference = D504B70118E4C46100F4C3FD /* TwitterTests.xctest */;
			productType = "com.apple.product-type.bundle.unit-test";
		};
/* End PBXNativeTarget section */

/* Begin PBXProject section */
		D504B6D518E4C46100F4C3FD /* Project object */ = {
			isa = PBXProject;
			attributes = {
				CLASSPREFIX = Twitter;
				LastUpgradeCheck = 0510;
				ORGANIZATIONNAME = Amnesiacs;
				TargetAttributes = {
					D504B70018E4C46100F4C3FD = {
						TestTargetID = D504B6DC18E4C46100F4C3FD;
					};
				};
			};
			buildConfigurationList = D504B6D818E4C46100F4C3FD /* Build configuration list for PBXProject "Twitter" */;
			compatibilityVersion = "Xcode 3.2";
			developmentRegion = English;
			hasScannedForEncodings = 0;
			knownRegions = (
				en,
				Base,
			);
			mainGroup = D504B6D418E4C46100F4C3FD;
			productRefGroup = D504B6DE18E4C46100F4C3FD /* Products */;
			projectDirPath = "";
			projectRoot = "";
			targets = (
				D504B6DC18E4C46100F4C3FD /* Twitter */,
				D504B70018E4C46100F4C3FD /* TwitterTests */,
			);
		};
/* End PBXProject section */

/* Begin PBXResourcesBuildPhase section */
		D504B6DB18E4C46100F4C3FD /* Resources */ = {
			isa = PBXResourcesBuildPhase;
			buildActionMask = 2147483647;
			files = (
				D504B6FC18E4C46100F4C3FD /* Images.xcassets in Resources */,
				D504B6EB18E4C46100F4C3FD /* InfoPlist.strings in Resources */,
				D504B6F418E4C46100F4C3FD /* Main.storyboard in Resources */,
			);
			runOnlyForDeploymentPostprocessing = 0;
		};
		D504B6FF18E4C46100F4C3FD /* Resources */ = {
			isa = PBXResourcesBuildPhase;
			buildActionMask = 2147483647;
			files = (
				D504B70D18E4C46100F4C3FD /* InfoPlist.strings in Resources */,
			);
			runOnlyForDeploymentPostprocessing = 0;
		};
/* End PBXResourcesBuildPhase section */

/* Begin PBXSourcesBuildPhase section */
		D504B6D918E4C46100F4C3FD /* Sources */ = {
			isa = PBXSourcesBuildPhase;
			buildActionMask = 2147483647;
			files = (
				D504B6F118E4C46100F4C3FD /* TwitterAppDelegate.m in Sources */,
				D504B6FA18E4C46100F4C3FD /* TwitterLoginController.m in Sources */,
				D504B6ED18E4C46100F4C3FD /* main.m in Sources */,
				D504B71A18E4C8A800F4C3FD /* TwitterViewController.m in Sources */,
				D504B6F718E4C46100F4C3FD /* TwitterMasterViewController.m in Sources */,
			);
			runOnlyForDeploymentPostprocessing = 0;
		};
		D504B6FD18E4C46100F4C3FD /* Sources */ = {
			isa = PBXSourcesBuildPhase;
			buildActionMask = 2147483647;
			files = (
				D504B70F18E4C46100F4C3FD /* TwitterTests.m in Sources */,
			);
			runOnlyForDeploymentPostprocessing = 0;
		};
/* End PBXSourcesBuildPhase section */

/* Begin PBXTargetDependency section */
		D504B70718E4C46100F4C3FD /* PBXTargetDependency */ = {
			isa = PBXTargetDependency;
			target = D504B6DC18E4C46100F4C3FD /* Twitter */;
			targetProxy = D504B70618E4C46100F4C3FD /* PBXContainerItemProxy */;
		};
/* End PBXTargetDependency section */

/* Begin PBXVariantGroup section */
		D504B6E918E4C46100F4C3FD /* InfoPlist.strings */ = {
			isa = PBXVariantGroup;
			children = (
				D504B6EA18E4C46100F4C3FD /* en */,
			);
			name = InfoPlist.strings;
			sourceTree = "<group>";
		};
		D504B6F218E4C46100F4C3FD /* Main.storyboard */ = {
			isa = PBXVariantGroup;
			children = (
				D504B6F318E4C46100F4C3FD /* Base */,
			);
			name = Main.storyboard;
			sourceTree = "<group>";
		};
		D504B70B18E4C46100F4C3FD /* InfoPlist.strings */ = {
			isa = PBXVariantGroup;
			children = (
				D504B70C18E4C46100F4C3FD /* en */,
			);
			name = InfoPlist.strings;
			sourceTree = "<group>";
		};
/* End PBXVariantGroup section */

/* Begin XCBuildConfiguration section */
		D504B71018E4C46100F4C3FD /* Debug */ = {
			isa = XCBuildConfiguration;
			buildSettings = {
				ALWAYS_SEARCH_USER_PATHS = NO;
				CLANG_CXX_LANGUAGE_STANDARD = "gnu++0x";
				CLANG_CXX_LIBRARY = "libc++";
				CLANG_ENABLE_MODULES = YES;
				CLANG_ENABLE_OBJC_ARC = YES;
				CLANG_WARN_BOOL_CONVERSION = YES;
				CLANG_WARN_CONSTANT_CONVERSION = YES;
				CLANG_WARN_DIRECT_OBJC_ISA_USAGE = YES_ERROR;
				CLANG_WARN_EMPTY_BODY = YES;
				CLANG_WARN_ENUM_CONVERSION = YES;
				CLANG_WARN_INT_CONVERSION = YES;
				CLANG_WARN_OBJC_ROOT_CLASS = YES_ERROR;
				CLANG_WARN__DUPLICATE_METHOD_MATCH = YES;
				"CODE_SIGN_IDENTITY[sdk=iphoneos*]" = "iPhone Developer";
				COPY_PHASE_STRIP = NO;
				GCC_C_LANGUAGE_STANDARD = gnu99;
				GCC_DYNAMIC_NO_PIC = NO;
				GCC_OPTIMIZATION_LEVEL = 0;
				GCC_PREPROCESSOR_DEFINITIONS = (
					"DEBUG=1",
					"$(inherited)",
				);
				GCC_SYMBOLS_PRIVATE_EXTERN = NO;
				GCC_WARN_64_TO_32_BIT_CONVERSION = YES;
				GCC_WARN_ABOUT_RETURN_TYPE = YES_ERROR;
				GCC_WARN_UNDECLARED_SELECTOR = YES;
				GCC_WARN_UNINITIALIZED_AUTOS = YES_AGGRESSIVE;
				GCC_WARN_UNUSED_FUNCTION = YES;
				GCC_WARN_UNUSED_VARIABLE = YES;
				IPHONEOS_DEPLOYMENT_TARGET = 7.1;
				ONLY_ACTIVE_ARCH = YES;
				SDKROOT = iphoneos;
			};
			name = Debug;
		};
		D504B71118E4C46100F4C3FD /* Release */ = {
			isa = XCBuildConfiguration;
			buildSettings = {
				ALWAYS_SEARCH_USER_PATHS = NO;
				CLANG_CXX_LANGUAGE_STANDARD = "gnu++0x";
				CLANG_CXX_LIBRARY = "libc++";
				CLANG_ENABLE_MODULES = YES;
				CLANG_ENABLE_OBJC_ARC = YES;
				CLANG_WARN_BOOL_CONVERSION = YES;
				CLANG_WARN_CONSTANT_CONVERSION = YES;
				CLANG_WARN_DIRECT_OBJC_ISA_USAGE = YES_ERROR;
				CLANG_WARN_EMPTY_BODY = YES;
				CLANG_WARN_ENUM_CONVERSION = YES;
				CLANG_WARN_INT_CONVERSION = YES;
				CLANG_WARN_OBJC_ROOT_CLASS = YES_ERROR;
				CLANG_WARN__DUPLICATE_METHOD_MATCH = YES;
				"CODE_SIGN_IDENTITY[sdk=iphoneos*]" = "iPhone Developer";
				COPY_PHASE_STRIP = YES;
				ENABLE_NS_ASSERTIONS = NO;
				GCC_C_LANGUAGE_STANDARD = gnu99;
				GCC_WARN_64_TO_32_BIT_CONVERSION = YES;
				GCC_WARN_ABOUT_RETURN_TYPE = YES_ERROR;
				GCC_WARN_UNDECLARED_SELECTOR = YES;
				GCC_WARN_UNINITIALIZED_AUTOS = YES_AGGRESSIVE;
				GCC_WARN_UNUSED_FUNCTION = YES;
				GCC_WARN_UNUSED_VARIABLE = YES;
				IPHONEOS_DEPLOYMENT_TARGET = 7.1;
				SDKROOT = iphoneos;
				VALIDATE_PRODUCT = YES;
			};
			name = Release;
		};
		D504B71318E4C46100F4C3FD /* Debug */ = {
			isa = XCBuildConfiguration;
			buildSettings = {
				ASSETCATALOG_COMPILER_APPICON_NAME = AppIcon;
				ASSETCATALOG_COMPILER_LAUNCHIMAGE_NAME = LaunchImage;
				GCC_PRECOMPILE_PREFIX_HEADER = YES;
				GCC_PREFIX_HEADER = "Twitter/Twitter-Prefix.pch";
				INFOPLIST_FILE = "Twitter/Twitter-Info.plist";
				PRODUCT_NAME = "$(TARGET_NAME)";
				WRAPPER_EXTENSION = app;
			};
			name = Debug;
		};
		D504B71418E4C46100F4C3FD /* Release */ = {
			isa = XCBuildConfiguration;
			buildSettings = {
				ASSETCATALOG_COMPILER_APPICON_NAME = AppIcon;
				ASSETCATALOG_COMPILER_LAUNCHIMAGE_NAME = LaunchImage;
				GCC_PRECOMPILE_PREFIX_HEADER = YES;
				GCC_PREFIX_HEADER = "Twitter/Twitter-Prefix.pch";
				INFOPLIST_FILE = "Twitter/Twitter-Info.plist";
				PRODUCT_NAME = "$(TARGET_NAME)";
				WRAPPER_EXTENSION = app;
			};
			name = Release;
		};
		D504B71618E4C46100F4C3FD /* Debug */ = {
			isa = XCBuildConfiguration;
			buildSettings = {
				BUNDLE_LOADER = "$(BUILT_PRODUCTS_DIR)/Twitter.app/Twitter";
				FRAMEWORK_SEARCH_PATHS = (
					"$(SDKROOT)/Developer/Library/Frameworks",
					"$(inherited)",
					"$(DEVELOPER_FRAMEWORKS_DIR)",
				);
				GCC_PRECOMPILE_PREFIX_HEADER = YES;
				GCC_PREFIX_HEADER = "Twitter/Twitter-Prefix.pch";
				GCC_PREPROCESSOR_DEFINITIONS = (
					"DEBUG=1",
					"$(inherited)",
				);
				INFOPLIST_FILE = "TwitterTests/TwitterTests-Info.plist";
				PRODUCT_NAME = "$(TARGET_NAME)";
				TEST_HOST = "$(BUNDLE_LOADER)";
				WRAPPER_EXTENSION = xctest;
			};
			name = Debug;
		};
		D504B71718E4C46100F4C3FD /* Release */ = {
			isa = XCBuildConfiguration;
			buildSettings = {
				BUNDLE_LOADER = "$(BUILT_PRODUCTS_DIR)/Twitter.app/Twitter";
				FRAMEWORK_SEARCH_PATHS = (
					"$(SDKROOT)/Developer/Library/Frameworks",
					"$(inherited)",
					"$(DEVELOPER_FRAMEWORKS_DIR)",
				);
				GCC_PRECOMPILE_PREFIX_HEADER = YES;
				GCC_PREFIX_HEADER = "Twitter/Twitter-Prefix.pch";
				INFOPLIST_FILE = "TwitterTests/TwitterTests-Info.plist";
				PRODUCT_NAME = "$(TARGET_NAME)";
				TEST_HOST = "$(BUNDLE_LOADER)";
				WRAPPER_EXTENSION = xctest;
			};
			name = Release;
		};
/* End XCBuildConfiguration section */

/* Begin XCConfigurationList section */
		D504B6D818E4C46100F4C3FD /* Build configuration list for PBXProject "Twitter" */ = {
			isa = XCConfigurationList;
			buildConfigurations = (
				D504B71018E4C46100F4C3FD /* Debug */,
				D504B71118E4C46100F4C3FD /* Release */,
			);
			defaultConfigurationIsVisible = 0;
			defaultConfigurationName = Release;
		};
		D504B71218E4C46100F4C3FD /* Build configuration list for PBXNativeTarget "Twitter" */ = {
			isa = XCConfigurationList;
			buildConfigurations = (
				D504B71318E4C46100F4C3FD /* Debug */,
				D504B71418E4C46100F4C3FD /* Release */,
			);
			defaultConfigurationIsVisible = 0;
		};
		D504B71518E4C46100F4C3FD /* Build configuration list for PBXNativeTarget "TwitterTests" */ = {
			isa = XCConfigurationList;
			buildConfigurations = (
				D504B71618E4C46100F4C3FD /* Debug */,
				D504B71718E4C46100F4C3FD /* Release */,
			);
			defaultConfigurationIsVisible = 0;
		};
/* End XCConfigurationList section */
	};
	rootObject = D504B6D518E4C46100F4C3FD /* Project object */;
}
